
Microsoft Visual Studio Solution File, Format Version 12.00
# Visual Studio Version 17
VisualStudioVersion = 17.1.32319.34
MinimumVisualStudioVersion = 10.0.40219.1
Project("{FAE04EC0-301F-11D3-BF4B-00C04F79EFBC}") = "dotNET6_Dapper", "dotNET6_Dapper\dotNET6_Dapper.csproj", "{08D643EA-DC6E-466A-9EAA-0A85D9D3ADC5}"
EndProject
Global
	GlobalSection(SolutionConfigurationPlatforms) = preSolution
		Debug|Any CPU = Debug|Any CPU
		Release|Any CPU = Release|Any CPU
	EndGlobalSection
	GlobalSection(ProjectConfigurationPlatforms) = postSolution
		{08D643EA-DC6E-466A-9EAA-0A85D9D3ADC5}.Debug|Any CPU.ActiveCfg = Debug|Any CPU
		{08D643EA-DC6E-466A-9EAA-0A85D9D3ADC5}.Debug|Any CPU.Build.0 = Debug|Any CPU
		{08D643EA-DC6E-466A-9EAA-0A85D9D3ADC5}.Release|Any CPU.ActiveCfg = Release|Any CPU
		{08D643EA-DC6E-466A-9EAA-0A85D9D3ADC5}.Release|Any CPU.Build.0 = Release|Any CPU
	EndGlobalSection
	GlobalSection(SolutionProperties) = preSolution
		HideSolutionNode = FALSE
	EndGlobalSection
	GlobalSection(ExtensibilityGlobals) = postSolution
		SolutionGuid = {A217DE54-D090-43BF-ACE8-C3618631CF11}
	EndGlobalSection
EndGlobal
